[[package]]
name = "setuptools"
version = "49.2.1"
description = "Easily download, build, install, upgrade, and uninstall Python packages"
category = "main"
optional = false
python-versions = ">=3.5"

[package.extras]
certs = ["certifi (==2016.9.26)"]
docs = ["jaraco.packaging (>=6.1)", "pygments-github-lexers (==0.0.5)", "rst.linker (>=1.9)", "sphinx"]
ssl = ["wincertstore (==0.2)"]
tests = ["coverage (>=4.5.1)", "flake8-2020", "futures", "mock", "paver", "pip (>=19.1)", "pytest (>=3.7)", "pytest-cov (>=2.5.1)", "pytest-flake8", "pytest-virtualenv (>=1.2.7)", "virtualenv (>=13.0.0)", "wheel"]

[package.source]
type = "legacy"
url = "https://pypi.doubanio.com/simple"
reference = "douban"

[[package]]
name = "wheel"
version = "0.38.1"
description = "A built-package format for Python"
category = "main"
optional = false
python-versions = ">=3.7"

[package.extras]
test = ["pytest (>=3.0.0)"]

[package.source]
type = "legacy"
url = "https://pypi.doubanio.com/simple"
reference = "douban"

[metadata]
lock-version = "1.1"
python-versions = "^3.8"
content-hash = "da5443859936e8634fc346272da59196265d5c09b536fce909cb1217d4b4371d"

[metadata.files]
setuptools = [
    {file = "setuptools-49.2.1-py3-none-any.whl", hash = "sha256:1a4299a49e3dfe2d79d774ec70746a97d54feacb283e8b689a2bef3eb62e0fe8"},
    {file = "setuptools-49.2.1.zip", hash = "sha256:88094d17c8d273390659a72e9d93374cd7bfd188c12bf2747b306e2bed48df18"},
]
wheel = [
    {file = "wheel-0.38.1-py3-none-any.whl", hash = "sha256:7a95f9a8dc0924ef318bd55b616112c70903192f524d120acc614f59547a9e1f"},
    {file = "wheel-0.38.1.tar.gz", hash = "sha256:ea041edf63f4ccba53ad6e035427997b3bb10ee88a4cd014ae82aeb9eea77bb9"},
]
