[[package]]
category = "main"
description = "Python interface to Oracle"
name = "cx-oracle"
optional = false
python-versions = "*"
version = "8.1.0"

[package.source]
reference = "douban"
url = "https://pypi.doubanio.com/simple"

[[package]]
category = "main"
description = "基础工具包"
name = "lbj-common"
optional = false
python-versions = "*"
version = "2.0"

[package.dependencies]
setuptools = "19.2.0"
wheel = "0.34.2"

[package.source]
reference = ""
type = "file"
url = "../lbj_common/dist/lbj_common-2.0-py3-none-any.whl"

[[package]]
category = "main"
description = "Pure Python MySQL Driver"
name = "pymysql"
optional = false
python-versions = "*"
version = "0.8.0"

[package.source]
reference = "douban"
url = "https://pypi.doubanio.com/simple"

[[package]]
category = "main"
description = "Database Abstraction Library"
name = "sqlalchemy"
optional = false
python-versions = "*"
version = "1.2.0"

[package.extras]
mssql_pymssql = ["pymssql"]
mssql_pyodbc = ["pyodbc"]
mysql = ["mysqlclient"]
oracle = ["cx-oracle"]
postgresql = ["psycopg2"]
postgresql_pg8000 = ["pg8000"]
postgresql_psycopg2cffi = ["psycopg2cffi"]
pymysql = ["pymysql"]

[package.source]
reference = "douban"
url = "https://pypi.doubanio.com/simple"

[[package]]
category = "main"
description = "A built-package format for Python"
name = "wheel"
optional = false
python-versions = ">=2.7, !=3.0.*, !=3.1.*, !=3.2.*, !=3.3.*, !=3.4.*"
version = "0.34.2"

[package.extras]
test = ["pytest (>=3.0.0)", "pytest-cov"]

[package.source]
reference = "douban"
url = "https://pypi.doubanio.com/simple"

[metadata]
content-hash = "2d7b883731494627deeeca94cd87db355787ece5c5981eaea04b75b61e21ae22"
python-versions = "^3.8"

[metadata.files]
cx-oracle = [
    {file = "cx_Oracle-8.1.0-cp36-cp36m-manylinux1_x86_64.whl", hash = "sha256:01b636af6b8332d4a688a120f2722c2fda8c8fa87ecec0573c91bed7668c5cd0"},
    {file = "cx_Oracle-8.1.0-cp36-cp36m-win32.whl", hash = "sha256:2482f76b6d83b3e62fda5a5db12f9b18fb42c484993c08952614e02a476e9687"},
    {file = "cx_Oracle-8.1.0-cp36-cp36m-win_amd64.whl", hash = "sha256:b7bcef92299efaaa2b53c360e5703d3301faa156f896c67b5d2036498b861834"},
    {file = "cx_Oracle-8.1.0-cp37-cp37m-manylinux1_x86_64.whl", hash = "sha256:62e0b63e68067f1dc9ca018fd0d09d3834b05acec17344ac149c0ec2bfd45df1"},
    {file = "cx_Oracle-8.1.0-cp37-cp37m-win32.whl", hash = "sha256:21fc4dde12cd49e755f861c38a3b9da74efb171d971487211d396ad9ff71b7fe"},
    {file = "cx_Oracle-8.1.0-cp37-cp37m-win_amd64.whl", hash = "sha256:2d5e4602ad4f35d513f302c956e40cd9b5ea7d8243cd48c9d718c263cf91bf67"},
    {file = "cx_Oracle-8.1.0-cp38-cp38-manylinux1_x86_64.whl", hash = "sha256:f99b97574c0a0ffb3c2ddebb91e48c1140d7d9a59abe06933e6b358c7df056f6"},
    {file = "cx_Oracle-8.1.0-cp38-cp38-win32.whl", hash = "sha256:fa0211e711cb5ede2f806aafe542c6d70c780e46a166fe606f0384f1dd9a742f"},
    {file = "cx_Oracle-8.1.0-cp38-cp38-win_amd64.whl", hash = "sha256:57930928cdaf79a4dba69ba1e228a1f993d35ee0a10a0a2c2722bb7fb983853f"},
    {file = "cx_Oracle-8.1.0-cp39-cp39-manylinux1_x86_64.whl", hash = "sha256:6ddaf1ec77bf55d452a31f6ef81789e2a410d9c1a1bbdd63e8a7eb73e6a38051"},
    {file = "cx_Oracle-8.1.0-cp39-cp39-win32.whl", hash = "sha256:41698ca187b935f28c05655d97e845e04cee69d3ab632bf86b031bd5e5ccd3c5"},
    {file = "cx_Oracle-8.1.0-cp39-cp39-win_amd64.whl", hash = "sha256:0f9480c85a8c34f99aee3a4aaa700c2ca1015065a08bc27ca74b5aa1c8e4f141"},
    {file = "cx_Oracle-8.1.0.tar.gz", hash = "sha256:e1698c5522ee1355e552b30bfa0a58e6e772475b882c5d69d158bd7e6aed45de"},
]
lbj-common = [
    {file = "lbj_common-2.0-py3-none-any.whl", hash = "sha256:17ab4c47e80930ed384af328d27899ddf07db645356a4c476809292a7245579f"},
]
pymysql = [
    {file = "PyMySQL-0.8.0-py2.py3-none-any.whl", hash = "sha256:04fa19fad017fdb21394fad2878c1d6bd346959d4fbfd1b66050a09fc636a321"},
    {file = "PyMySQL-0.8.0.tar.gz", hash = "sha256:32da4a66397077d42908e449688f2ec71c2b18892a6cd04f03ab2aa828a70f40"},
]
sqlalchemy = [
    {file = "SQLAlchemy-1.2.0.tar.gz", hash = "sha256:7dda3e0b1b12215e3bb05368d1abbf7d747112a43738e0a4e6deb466b83fd88e"},
]
wheel = [
    {file = "wheel-0.34.2-py2.py3-none-any.whl", hash = "sha256:df277cb51e61359aba502208d680f90c0493adec6f0e848af94948778aed386e"},
    {file = "wheel-0.34.2.tar.gz", hash = "sha256:8788e9155fe14f54164c1b9eb0a319d98ef02c160725587ad60f14ddc57b6f96"},
]
