[[package]]
category = "main"
description = "Create standalone executables from Python scripts"
name = "cx-freeze"
optional = false
python-versions = ">=3.6"
version = "6.5.3"

[package.dependencies]
importlib_metadata = ">=3.1.1"

[package.source]
reference = "douban"
url = "https://pypi.doubanio.com/simple"

[[package]]
category = "main"
description = "Read metadata from Python packages"
name = "importlib-metadata"
optional = false
python-versions = ">=3.6"
version = "3.4.0"

[package.dependencies]
zipp = ">=0.5"

[package.dependencies.typing-extensions]
python = "<3.8"
version = ">=3.6.4"

[package.extras]
docs = ["sphinx", "jaraco.packaging (>=8.2)", "rst.linker (>=1.9)"]
testing = ["pytest (>=3.5,<3.7.3 || >3.7.3)", "pytest-checkdocs (>=1.2.3)", "pytest-flake8", "pytest-cov", "pytest-enabler", "packaging", "pep517", "pyfakefs", "flufl.flake8", "pytest-black (>=0.3.7)", "pytest-mypy", "importlib-resources (>=1.3)"]

[package.source]
reference = "douban"
url = "https://pypi.doubanio.com/simple"

[[package]]
category = "main"
description = "基础工具包"
name = "lbj-common"
optional = false
python-versions = "*"
version = "1.1"

[package.dependencies]
setuptools = "19.2.0"
wheel = "0.34.2"

[package.source]
reference = ""
type = "file"
url = "package/wheel/lbj_common-1.1-py3-none-any.whl"

[[package]]
category = "main"
description = "Backported and Experimental Type Hints for Python 3.5+"
marker = "python_version < \"3.8\""
name = "typing-extensions"
optional = false
python-versions = "*"
version = "3.7.4.3"

[package.source]
reference = "douban"
url = "https://pypi.doubanio.com/simple"

[[package]]
category = "main"
description = "A built-package format for Python"
name = "wheel"
optional = false
python-versions = ">=2.7, !=3.0.*, !=3.1.*, !=3.2.*, !=3.3.*, !=3.4.*"
version = "0.34.2"

[package.extras]
test = ["pytest (>=3.0.0)", "pytest-cov"]

[package.source]
reference = "douban"
url = "https://pypi.doubanio.com/simple"

[[package]]
category = "main"
description = "Backport of pathlib-compatible object wrapper for zip files"
name = "zipp"
optional = false
python-versions = ">=3.6"
version = "3.4.0"

[package.extras]
docs = ["sphinx", "jaraco.packaging (>=3.2)", "rst.linker (>=1.9)"]
testing = ["pytest (>=3.5,<3.7.3 || >3.7.3)", "pytest-checkdocs (>=1.2.3)", "pytest-flake8", "pytest-cov", "jaraco.test (>=3.2.0)", "jaraco.itertools", "func-timeout", "pytest-black (>=0.3.7)", "pytest-mypy"]

[package.source]
reference = "douban"
url = "https://pypi.doubanio.com/simple"

[metadata]
content-hash = "9dff02fd5f613e1fb42baf408437a5f49617ece2f3967de9d656856c66ad1352"
python-versions = "^3.7"

[metadata.files]
cx-freeze = [
    {file = "cx_Freeze-6.5.3-cp36-cp36m-win32.whl", hash = "sha256:0a1babae574546b622303da53e1a9829aa3a7e53e62b41eb260250220f83164b"},
    {file = "cx_Freeze-6.5.3-cp36-cp36m-win_amd64.whl", hash = "sha256:2671e46cd491c181c632df3f0df2847bad7066897faa07eb1d50f60f5082596f"},
    {file = "cx_Freeze-6.5.3-cp37-cp37m-win32.whl", hash = "sha256:abf5f95f914573cdff5bd9845144977b875fc655417d0e66f935865af1de64d5"},
    {file = "cx_Freeze-6.5.3-cp37-cp37m-win_amd64.whl", hash = "sha256:65c4560bc7b18e2a7bbe3546313cbc01d3fca244d199b39508cfa2ae561887ce"},
    {file = "cx_Freeze-6.5.3-cp38-cp38-win32.whl", hash = "sha256:7e2592fe1b65bd45c729934b391579fde5aed6b4c9e3e4d990738fc7fec718ea"},
    {file = "cx_Freeze-6.5.3-cp38-cp38-win_amd64.whl", hash = "sha256:d3bb71349dace28e545eb1e4549255f0dd915f925f8505b1a342b3d2fbd4734b"},
    {file = "cx_Freeze-6.5.3-cp39-cp39-win32.whl", hash = "sha256:df3872d8e8f87a3f89e6758bed130b5b95ee7473054e2a7eee5b1a8d1c4ecf9e"},
    {file = "cx_Freeze-6.5.3-cp39-cp39-win_amd64.whl", hash = "sha256:507bbaace2fd27edb0e6b024898ab2e4831d45d7238264f578a5e4fa70f065e5"},
    {file = "cx_Freeze-6.5.3.tar.gz", hash = "sha256:e0d03cabcdf9b9c21354807ed9f06fa9481a8fd5a0838968a830f01a70820ff1"},
]
importlib-metadata = [
    {file = "importlib_metadata-3.4.0-py3-none-any.whl", hash = "sha256:ace61d5fc652dc280e7b6b4ff732a9c2d40db2c0f92bc6cb74e07b73d53a1771"},
    {file = "importlib_metadata-3.4.0.tar.gz", hash = "sha256:fa5daa4477a7414ae34e95942e4dd07f62adf589143c875c133c1e53c4eff38d"},
]
lbj-common = [
    {file = "lbj_common-1.1-py3-none-any.whl", hash = "sha256:7a276d0ab77f80d8bfac8f0823e00489f094de6e476db0145a0bfbe32e027953"},
]
typing-extensions = [
    {file = "typing_extensions-3.7.4.3-py2-none-any.whl", hash = "sha256:dafc7639cde7f1b6e1acc0f457842a83e722ccca8eef5270af2d74792619a89f"},
    {file = "typing_extensions-3.7.4.3-py3-none-any.whl", hash = "sha256:7cb407020f00f7bfc3cb3e7881628838e69d8f3fcab2f64742a5e76b2f841918"},
    {file = "typing_extensions-3.7.4.3.tar.gz", hash = "sha256:99d4073b617d30288f569d3f13d2bd7548c3a7e4c8de87db09a9d29bb3a4a60c"},
]
wheel = [
    {file = "wheel-0.34.2-py2.py3-none-any.whl", hash = "sha256:df277cb51e61359aba502208d680f90c0493adec6f0e848af94948778aed386e"},
    {file = "wheel-0.34.2.tar.gz", hash = "sha256:8788e9155fe14f54164c1b9eb0a319d98ef02c160725587ad60f14ddc57b6f96"},
]
zipp = [
    {file = "zipp-3.4.0-py3-none-any.whl", hash = "sha256:102c24ef8f171fd729d46599845e95c7ab894a4cf45f5de11a44cc7444fb1108"},
    {file = "zipp-3.4.0.tar.gz", hash = "sha256:ed5eee1974372595f9e416cc7bbeeb12335201d8081ca8a0743c954d4446e5cb"},
]
